Microsoft Visual Studio Solution File, Format Version 7.00
Project("{FAE04EC0-301F-11D3-BF4B-00C04F79EFBC}") = "ULEV03", "ULEV03.csproj", "{7C022EB6-3186-4E18-873F-9C25C8CA4F87}"
EndProject
Global
	GlobalSection(SolutionConfiguration) = preSolution
		ConfigName.0 = Debug
		ConfigName.1 = Release
	EndGlobalSection
	GlobalSection(ProjectDependencies) = postSolution
	EndGlobalSection
	GlobalSection(ProjectConfiguration) = postSolution
		{7C022EB6-3186-4E18-873F-9C25C8CA4F87}.Debug.ActiveCfg = Debug|.NET
		{7C022EB6-3186-4E18-873F-9C25C8CA4F87}.Debug.Build.0 = Debug|.NET
		{7C022EB6-3186-4E18-873F-9C25C8CA4F87}.Release.ActiveCfg = Release|.NET
		{7C022EB6-3186-4E18-873F-9C25C8CA4F87}.Release.Build.0 = Release|.NET
	EndGlobalSection
	GlobalSection(ExtensibilityGlobals) = postSolution
	EndGlobalSection
	GlobalSection(ExtensibilityAddIns) = postSolution
	EndGlobalSection
EndGlobal
