Microsoft Visual Studio Solution File, Format Version 7.00
Project("{F184B08F-C81C-45F6-A57F-5ABD9991F28F}") = "ULAI13", "ULAI13.vbproj", "{25BD312A-2B34-4475-AAFB-A97286BD2F80}"
EndProject
Global
	GlobalSection(SolutionConfiguration) = preSolution
		ConfigName.0 = Debug
		ConfigName.1 = Release
	EndGlobalSection
	GlobalSection(ProjectDependencies) = postSolution
	EndGlobalSection
	GlobalSection(ProjectConfiguration) = postSolution
		{25BD312A-2B34-4475-AAFB-A97286BD2F80}.Debug.ActiveCfg = Debug|.NET
		{25BD312A-2B34-4475-AAFB-A97286BD2F80}.Debug.Build.0 = Debug|.NET
		{25BD312A-2B34-4475-AAFB-A97286BD2F80}.Release.ActiveCfg = Release|.NET
		{25BD312A-2B34-4475-AAFB-A97286BD2F80}.Release.Build.0 = Release|.NET
	EndGlobalSection
	GlobalSection(ExtensibilityGlobals) = postSolution
	EndGlobalSection
	GlobalSection(ExtensibilityAddIns) = postSolution
	EndGlobalSection
EndGlobal
