Microsoft Visual Studio Solution File, Format Version 7.00
Project("{FAE04EC0-301F-11D3-BF4B-00C04F79EFBC}") = "ULTI01", "ULTI01.csproj", "{0E8357E8-C850-4EB7-847A-0A231C804366}"
EndProject
Global
	GlobalSection(SolutionConfiguration) = preSolution
		ConfigName.0 = Debug
		ConfigName.1 = Release
	EndGlobalSection
	GlobalSection(ProjectDependencies) = postSolution
	EndGlobalSection
	GlobalSection(ProjectConfiguration) = postSolution
		{0E8357E8-C850-4EB7-847A-0A231C804366}.Debug.ActiveCfg = Debug|.NET
		{0E8357E8-C850-4EB7-847A-0A231C804366}.Debug.Build.0 = Debug|.NET
		{0E8357E8-C850-4EB7-847A-0A231C804366}.Release.ActiveCfg = Release|.NET
		{0E8357E8-C850-4EB7-847A-0A231C804366}.Release.Build.0 = Release|.NET
	EndGlobalSection
	GlobalSection(ExtensibilityGlobals) = postSolution
	EndGlobalSection
	GlobalSection(ExtensibilityAddIns) = postSolution
	EndGlobalSection
EndGlobal
