Microsoft Visual Studio Solution File, Format Version 7.00
Project("{FAE04EC0-301F-11D3-BF4B-00C04F79EFBC}") = "DaqOutScan01", "DaqOutScan01.csproj", "{138E1904-7EAE-4FB5-A343-7DB724AF67EE}"
EndProject
Global
	GlobalSection(SolutionConfiguration) = preSolution
		ConfigName.0 = Debug
		ConfigName.1 = Release
	EndGlobalSection
	GlobalSection(ProjectDependencies) = postSolution
	EndGlobalSection
	GlobalSection(ProjectConfiguration) = postSolution
		{138E1904-7EAE-4FB5-A343-7DB724AF67EE}.Debug.ActiveCfg = Debug|.NET
		{138E1904-7EAE-4FB5-A343-7DB724AF67EE}.Debug.Build.0 = Debug|.NET
		{138E1904-7EAE-4FB5-A343-7DB724AF67EE}.Release.ActiveCfg = Release|.NET
		{138E1904-7EAE-4FB5-A343-7DB724AF67EE}.Release.Build.0 = Release|.NET
	EndGlobalSection
	GlobalSection(ExtensibilityGlobals) = postSolution
	EndGlobalSection
	GlobalSection(ExtensibilityAddIns) = postSolution
	EndGlobalSection
EndGlobal
