Microsoft Visual Studio Solution File, Format Version 7.00
Project("{FAE04EC0-301F-11D3-BF4B-00C04F79EFBC}") = "ULAI10", "ULAI10.csproj", "{F072FA13-919C-43D1-A9E2-C871F78BCD9E}"
EndProject
Global
	GlobalSection(SolutionConfiguration) = preSolution
		ConfigName.0 = Debug
		ConfigName.1 = Release
	EndGlobalSection
	GlobalSection(ProjectDependencies) = postSolution
	EndGlobalSection
	GlobalSection(ProjectConfiguration) = postSolution
		{F072FA13-919C-43D1-A9E2-C871F78BCD9E}.Debug.ActiveCfg = Debug|.NET
		{F072FA13-919C-43D1-A9E2-C871F78BCD9E}.Debug.Build.0 = Debug|.NET
		{F072FA13-919C-43D1-A9E2-C871F78BCD9E}.Release.ActiveCfg = Release|.NET
		{F072FA13-919C-43D1-A9E2-C871F78BCD9E}.Release.Build.0 = Release|.NET
	EndGlobalSection
	GlobalSection(ExtensibilityGlobals) = postSolution
	EndGlobalSection
	GlobalSection(ExtensibilityAddIns) = postSolution
	EndGlobalSection
EndGlobal
