Microsoft Visual Studio Solution File, Format Version 7.00
Project("{FAE04EC0-301F-11D3-BF4B-00C04F79EFBC}") = "DaqSetSetpoints01", "DaqSetSetpoints01.csproj", "{A1EE9167-4DD3-41E0-8EBB-D0AA5086B126}"
EndProject
Global
	GlobalSection(SolutionConfiguration) = preSolution
		ConfigName.0 = Debug
		ConfigName.1 = Release
	EndGlobalSection
	GlobalSection(ProjectDependencies) = postSolution
	EndGlobalSection
	GlobalSection(ProjectConfiguration) = postSolution
		{A1EE9167-4DD3-41E0-8EBB-D0AA5086B126}.Debug.ActiveCfg = Debug|.NET
		{A1EE9167-4DD3-41E0-8EBB-D0AA5086B126}.Debug.Build.0 = Debug|.NET
		{A1EE9167-4DD3-41E0-8EBB-D0AA5086B126}.Release.ActiveCfg = Release|.NET
		{A1EE9167-4DD3-41E0-8EBB-D0AA5086B126}.Release.Build.0 = Release|.NET
	EndGlobalSection
	GlobalSection(ExtensibilityGlobals) = postSolution
	EndGlobalSection
	GlobalSection(ExtensibilityAddIns) = postSolution
	EndGlobalSection
EndGlobal
