Microsoft Visual Studio Solution File, Format Version 7.00
Project("{F184B08F-C81C-45F6-A57F-5ABD9991F28F}") = "ULFI01", "ULFI01.vbproj", "{9FDE2455-7F41-41A0-8180-78BAFC91ADD3}"
EndProject
Global
	GlobalSection(SolutionConfiguration) = preSolution
		ConfigName.0 = Debug
		ConfigName.1 = Release
	EndGlobalSection
	GlobalSection(ProjectDependencies) = postSolution
	EndGlobalSection
	GlobalSection(ProjectConfiguration) = postSolution
		{9FDE2455-7F41-41A0-8180-78BAFC91ADD3}.Debug.ActiveCfg = Debug|.NET
		{9FDE2455-7F41-41A0-8180-78BAFC91ADD3}.Debug.Build.0 = Debug|.NET
		{9FDE2455-7F41-41A0-8180-78BAFC91ADD3}.Release.ActiveCfg = Release|.NET
		{9FDE2455-7F41-41A0-8180-78BAFC91ADD3}.Release.Build.0 = Release|.NET
	EndGlobalSection
	GlobalSection(ExtensibilityGlobals) = postSolution
	EndGlobalSection
	GlobalSection(ExtensibilityAddIns) = postSolution
	EndGlobalSection
EndGlobal
