Microsoft Visual Studio Solution File, Format Version 7.00
Project("{FAE04EC0-301F-11D3-BF4B-00C04F79EFBC}") = "ULDO04", "ULDO04.csproj", "{EAA0FCB5-54EB-4C2F-AC48-E9031EB372A5}"
EndProject
Global
	GlobalSection(SolutionConfiguration) = preSolution
		ConfigName.0 = Debug
		ConfigName.1 = Release
	EndGlobalSection
	GlobalSection(ProjectDependencies) = postSolution
	EndGlobalSection
	GlobalSection(ProjectConfiguration) = postSolution
		{EAA0FCB5-54EB-4C2F-AC48-E9031EB372A5}.Debug.ActiveCfg = Debug|.NET
		{EAA0FCB5-54EB-4C2F-AC48-E9031EB372A5}.Debug.Build.0 = Debug|.NET
		{EAA0FCB5-54EB-4C2F-AC48-E9031EB372A5}.Release.ActiveCfg = Release|.NET
		{EAA0FCB5-54EB-4C2F-AC48-E9031EB372A5}.Release.Build.0 = Release|.NET
	EndGlobalSection
	GlobalSection(ExtensibilityGlobals) = postSolution
	EndGlobalSection
	GlobalSection(ExtensibilityAddIns) = postSolution
	EndGlobalSection
EndGlobal
