<?xml version="1.0" encoding="utf-8"?>
<Project ToolsVersion="4.0" xmlns="http://schemas.microsoft.com/developer/msbuild/2003">
  <ItemGroup>
    <Filter Include="Source Files">
      <UniqueIdentifier>{4FC737F1-C7A5-4376-A066-2A32D752A2FF}</UniqueIdentifier>
      <Extensions>cpp;c;cxx;def;odl;idl;hpj;bat;asm;asmx</Extensions>
    </Filter>
  </ItemGroup>
  <ItemGroup>
    <ClCompile Include="..\..\cblas\caxpy.c">
      <Filter>Source Files</Filter>
    </ClCompile>
    <ClCompile Include="..\..\cblas\ccopy.c">
      <Filter>Source Files</Filter>
    </ClCompile>
    <ClCompile Include="..\..\cblas\cdotc_sub.c">
      <Filter>Source Files</Filter>
    </ClCompile>
    <ClCompile Include="..\..\cblas\cdotu_sub.c">
      <Filter>Source Files</Filter>
    </ClCompile>
    <ClCompile Include="..\..\cblas\cgbmv.c">
      <Filter>Source Files</Filter>
    </ClCompile>
    <ClCompile Include="..\..\cblas\cgemm.c">
      <Filter>Source Files</Filter>
    </ClCompile>
    <ClCompile Include="..\..\cblas\cgemv.c">
      <Filter>Source Files</Filter>
    </ClCompile>
    <ClCompile Include="..\..\cblas\cgerc.c">
      <Filter>Source Files</Filter>
    </ClCompile>
    <ClCompile Include="..\..\cblas\cgeru.c">
      <Filter>Source Files</Filter>
    </ClCompile>
    <ClCompile Include="..\..\cblas\chbmv.c">
      <Filter>Source Files</Filter>
    </ClCompile>
    <ClCompile Include="..\..\cblas\chemm.c">
      <Filter>Source Files</Filter>
    </ClCompile>
    <ClCompile Include="..\..\cblas\chemv.c">
      <Filter>Source Files</Filter>
    </ClCompile>
    <ClCompile Include="..\..\cblas\cher.c">
      <Filter>Source Files</Filter>
    </ClCompile>
    <ClCompile Include="..\..\cblas\cher2.c">
      <Filter>Source Files</Filter>
    </ClCompile>
    <ClCompile Include="..\..\cblas\cher2k.c">
      <Filter>Source Files</Filter>
    </ClCompile>
    <ClCompile Include="..\..\cblas\cherk.c">
      <Filter>Source Files</Filter>
    </ClCompile>
    <ClCompile Include="..\..\cblas\chpmv.c">
      <Filter>Source Files</Filter>
    </ClCompile>
    <ClCompile Include="..\..\cblas\chpr.c">
      <Filter>Source Files</Filter>
    </ClCompile>
    <ClCompile Include="..\..\cblas\chpr2.c">
      <Filter>Source Files</Filter>
    </ClCompile>
    <ClCompile Include="..\..\cblas\cscal.c">
      <Filter>Source Files</Filter>
    </ClCompile>
    <ClCompile Include="..\..\cblas\csscal.c">
      <Filter>Source Files</Filter>
    </ClCompile>
    <ClCompile Include="..\..\cblas\cswap.c">
      <Filter>Source Files</Filter>
    </ClCompile>
    <ClCompile Include="..\..\cblas\csymm.c">
      <Filter>Source Files</Filter>
    </ClCompile>
    <ClCompile Include="..\..\cblas\csyr2k.c">
      <Filter>Source Files</Filter>
    </ClCompile>
    <ClCompile Include="..\..\cblas\csyrk.c">
      <Filter>Source Files</Filter>
    </ClCompile>
    <ClCompile Include="..\..\cblas\ctbmv.c">
      <Filter>Source Files</Filter>
    </ClCompile>
    <ClCompile Include="..\..\cblas\ctbsv.c">
      <Filter>Source Files</Filter>
    </ClCompile>
    <ClCompile Include="..\..\cblas\ctpmv.c">
      <Filter>Source Files</Filter>
    </ClCompile>
    <ClCompile Include="..\..\cblas\ctpsv.c">
      <Filter>Source Files</Filter>
    </ClCompile>
    <ClCompile Include="..\..\cblas\ctrmm.c">
      <Filter>Source Files</Filter>
    </ClCompile>
    <ClCompile Include="..\..\cblas\ctrmv.c">
      <Filter>Source Files</Filter>
    </ClCompile>
    <ClCompile Include="..\..\cblas\ctrsm.c">
      <Filter>Source Files</Filter>
    </ClCompile>
    <ClCompile Include="..\..\cblas\ctrsv.c">
      <Filter>Source Files</Filter>
    </ClCompile>
    <ClCompile Include="..\..\cblas\dasum.c">
      <Filter>Source Files</Filter>
    </ClCompile>
    <ClCompile Include="..\..\cblas\daxpy.c">
      <Filter>Source Files</Filter>
    </ClCompile>
    <ClCompile Include="..\..\cblas\dcopy.c">
      <Filter>Source Files</Filter>
    </ClCompile>
    <ClCompile Include="..\..\cblas\ddot.c">
      <Filter>Source Files</Filter>
    </ClCompile>
    <ClCompile Include="..\..\cblas\dgbmv.c">
      <Filter>Source Files</Filter>
    </ClCompile>
    <ClCompile Include="..\..\cblas\dgemm.c">
      <Filter>Source Files</Filter>
    </ClCompile>
    <ClCompile Include="..\..\cblas\dgemv.c">
      <Filter>Source Files</Filter>
    </ClCompile>
    <ClCompile Include="..\..\cblas\dger.c">
      <Filter>Source Files</Filter>
    </ClCompile>
    <ClCompile Include="..\..\cblas\dnrm2.c">
      <Filter>Source Files</Filter>
    </ClCompile>
    <ClCompile Include="..\..\cblas\drot.c">
      <Filter>Source Files</Filter>
    </ClCompile>
    <ClCompile Include="..\..\cblas\drotg.c">
      <Filter>Source Files</Filter>
    </ClCompile>
    <ClCompile Include="..\..\cblas\drotm.c">
      <Filter>Source Files</Filter>
    </ClCompile>
    <ClCompile Include="..\..\cblas\drotmg.c">
      <Filter>Source Files</Filter>
    </ClCompile>
    <ClCompile Include="..\..\cblas\dsbmv.c">
      <Filter>Source Files</Filter>
    </ClCompile>
    <ClCompile Include="..\..\cblas\dscal.c">
      <Filter>Source Files</Filter>
    </ClCompile>
    <ClCompile Include="..\..\cblas\dsdot.c">
      <Filter>Source Files</Filter>
    </ClCompile>
    <ClCompile Include="..\..\cblas\dspmv.c">
      <Filter>Source Files</Filter>
    </ClCompile>
    <ClCompile Include="..\..\cblas\dspr.c">
      <Filter>Source Files</Filter>
    </ClCompile>
    <ClCompile Include="..\..\cblas\dspr2.c">
      <Filter>Source Files</Filter>
    </ClCompile>
    <ClCompile Include="..\..\cblas\dswap.c">
      <Filter>Source Files</Filter>
    </ClCompile>
    <ClCompile Include="..\..\cblas\dsymm.c">
      <Filter>Source Files</Filter>
    </ClCompile>
    <ClCompile Include="..\..\cblas\dsymv.c">
      <Filter>Source Files</Filter>
    </ClCompile>
    <ClCompile Include="..\..\cblas\dsyr.c">
      <Filter>Source Files</Filter>
    </ClCompile>
    <ClCompile Include="..\..\cblas\dsyr2.c">
      <Filter>Source Files</Filter>
    </ClCompile>
    <ClCompile Include="..\..\cblas\dsyr2k.c">
      <Filter>Source Files</Filter>
    </ClCompile>
    <ClCompile Include="..\..\cblas\dsyrk.c">
      <Filter>Source Files</Filter>
    </ClCompile>
    <ClCompile Include="..\..\cblas\dtbmv.c">
      <Filter>Source Files</Filter>
    </ClCompile>
    <ClCompile Include="..\..\cblas\dtbsv.c">
      <Filter>Source Files</Filter>
    </ClCompile>
    <ClCompile Include="..\..\cblas\dtpmv.c">
      <Filter>Source Files</Filter>
    </ClCompile>
    <ClCompile Include="..\..\cblas\dtpsv.c">
      <Filter>Source Files</Filter>
    </ClCompile>
    <ClCompile Include="..\..\cblas\dtrmm.c">
      <Filter>Source Files</Filter>
    </ClCompile>
    <ClCompile Include="..\..\cblas\dtrmv.c">
      <Filter>Source Files</Filter>
    </ClCompile>
    <ClCompile Include="..\..\cblas\dtrsm.c">
      <Filter>Source Files</Filter>
    </ClCompile>
    <ClCompile Include="..\..\cblas\dtrsv.c">
      <Filter>Source Files</Filter>
    </ClCompile>
    <ClCompile Include="..\..\cblas\dzasum.c">
      <Filter>Source Files</Filter>
    </ClCompile>
    <ClCompile Include="..\..\cblas\dznrm2.c">
      <Filter>Source Files</Filter>
    </ClCompile>
    <ClCompile Include="..\..\cblas\icamax.c">
      <Filter>Source Files</Filter>
    </ClCompile>
    <ClCompile Include="..\..\cblas\idamax.c">
      <Filter>Source Files</Filter>
    </ClCompile>
    <ClCompile Include="..\..\cblas\isamax.c">
      <Filter>Source Files</Filter>
    </ClCompile>
    <ClCompile Include="..\..\cblas\izamax.c">
      <Filter>Source Files</Filter>
    </ClCompile>
    <ClCompile Include="..\..\cblas\sasum.c">
      <Filter>Source Files</Filter>
    </ClCompile>
    <ClCompile Include="..\..\cblas\saxpy.c">
      <Filter>Source Files</Filter>
    </ClCompile>
    <ClCompile Include="..\..\cblas\scasum.c">
      <Filter>Source Files</Filter>
    </ClCompile>
    <ClCompile Include="..\..\cblas\scnrm2.c">
      <Filter>Source Files</Filter>
    </ClCompile>
    <ClCompile Include="..\..\cblas\scopy.c">
      <Filter>Source Files</Filter>
    </ClCompile>
    <ClCompile Include="..\..\cblas\sdot.c">
      <Filter>Source Files</Filter>
    </ClCompile>
    <ClCompile Include="..\..\cblas\sdsdot.c">
      <Filter>Source Files</Filter>
    </ClCompile>
    <ClCompile Include="..\..\cblas\sgbmv.c">
      <Filter>Source Files</Filter>
    </ClCompile>
    <ClCompile Include="..\..\cblas\sgemm.c">
      <Filter>Source Files</Filter>
    </ClCompile>
    <ClCompile Include="..\..\cblas\sgemv.c">
      <Filter>Source Files</Filter>
    </ClCompile>
    <ClCompile Include="..\..\cblas\sger.c">
      <Filter>Source Files</Filter>
    </ClCompile>
    <ClCompile Include="..\..\cblas\snrm2.c">
      <Filter>Source Files</Filter>
    </ClCompile>
    <ClCompile Include="..\..\cblas\srot.c">
      <Filter>Source Files</Filter>
    </ClCompile>
    <ClCompile Include="..\..\cblas\srotg.c">
      <Filter>Source Files</Filter>
    </ClCompile>
    <ClCompile Include="..\..\cblas\srotm.c">
      <Filter>Source Files</Filter>
    </ClCompile>
    <ClCompile Include="..\..\cblas\srotmg.c">
      <Filter>Source Files</Filter>
    </ClCompile>
    <ClCompile Include="..\..\cblas\ssbmv.c">
      <Filter>Source Files</Filter>
    </ClCompile>
    <ClCompile Include="..\..\cblas\sscal.c">
      <Filter>Source Files</Filter>
    </ClCompile>
    <ClCompile Include="..\..\cblas\sspmv.c">
      <Filter>Source Files</Filter>
    </ClCompile>
    <ClCompile Include="..\..\cblas\sspr.c">
      <Filter>Source Files</Filter>
    </ClCompile>
    <ClCompile Include="..\..\cblas\sspr2.c">
      <Filter>Source Files</Filter>
    </ClCompile>
    <ClCompile Include="..\..\cblas\sswap.c">
      <Filter>Source Files</Filter>
    </ClCompile>
    <ClCompile Include="..\..\cblas\ssymm.c">
      <Filter>Source Files</Filter>
    </ClCompile>
    <ClCompile Include="..\..\cblas\ssymv.c">
      <Filter>Source Files</Filter>
    </ClCompile>
    <ClCompile Include="..\..\cblas\ssyr.c">
      <Filter>Source Files</Filter>
    </ClCompile>
    <ClCompile Include="..\..\cblas\ssyr2.c">
      <Filter>Source Files</Filter>
    </ClCompile>
    <ClCompile Include="..\..\cblas\ssyr2k.c">
      <Filter>Source Files</Filter>
    </ClCompile>
    <ClCompile Include="..\..\cblas\ssyrk.c">
      <Filter>Source Files</Filter>
    </ClCompile>
    <ClCompile Include="..\..\cblas\stbmv.c">
      <Filter>Source Files</Filter>
    </ClCompile>
    <ClCompile Include="..\..\cblas\stbsv.c">
      <Filter>Source Files</Filter>
    </ClCompile>
    <ClCompile Include="..\..\cblas\stpmv.c">
      <Filter>Source Files</Filter>
    </ClCompile>
    <ClCompile Include="..\..\cblas\stpsv.c">
      <Filter>Source Files</Filter>
    </ClCompile>
    <ClCompile Include="..\..\cblas\strmm.c">
      <Filter>Source Files</Filter>
    </ClCompile>
    <ClCompile Include="..\..\cblas\strmv.c">
      <Filter>Source Files</Filter>
    </ClCompile>
    <ClCompile Include="..\..\cblas\strsm.c">
      <Filter>Source Files</Filter>
    </ClCompile>
    <ClCompile Include="..\..\cblas\strsv.c">
      <Filter>Source Files</Filter>
    </ClCompile>
    <ClCompile Include="..\..\cblas\xerbla.c">
      <Filter>Source Files</Filter>
    </ClCompile>
    <ClCompile Include="..\..\cblas\zaxpy.c">
      <Filter>Source Files</Filter>
    </ClCompile>
    <ClCompile Include="..\..\cblas\zcopy.c">
      <Filter>Source Files</Filter>
    </ClCompile>
    <ClCompile Include="..\..\cblas\zdotc_sub.c">
      <Filter>Source Files</Filter>
    </ClCompile>
    <ClCompile Include="..\..\cblas\zdotu_sub.c">
      <Filter>Source Files</Filter>
    </ClCompile>
    <ClCompile Include="..\..\cblas\zdscal.c">
      <Filter>Source Files</Filter>
    </ClCompile>
    <ClCompile Include="..\..\cblas\zgbmv.c">
      <Filter>Source Files</Filter>
    </ClCompile>
    <ClCompile Include="..\..\cblas\zgemm.c">
      <Filter>Source Files</Filter>
    </ClCompile>
    <ClCompile Include="..\..\cblas\zgemv.c">
      <Filter>Source Files</Filter>
    </ClCompile>
    <ClCompile Include="..\..\cblas\zgerc.c">
      <Filter>Source Files</Filter>
    </ClCompile>
    <ClCompile Include="..\..\cblas\zgeru.c">
      <Filter>Source Files</Filter>
    </ClCompile>
    <ClCompile Include="..\..\cblas\zhbmv.c">
      <Filter>Source Files</Filter>
    </ClCompile>
    <ClCompile Include="..\..\cblas\zhemm.c">
      <Filter>Source Files</Filter>
    </ClCompile>
    <ClCompile Include="..\..\cblas\zhemv.c">
      <Filter>Source Files</Filter>
    </ClCompile>
    <ClCompile Include="..\..\cblas\zher.c">
      <Filter>Source Files</Filter>
    </ClCompile>
    <ClCompile Include="..\..\cblas\zher2.c">
      <Filter>Source Files</Filter>
    </ClCompile>
    <ClCompile Include="..\..\cblas\zher2k.c">
      <Filter>Source Files</Filter>
    </ClCompile>
    <ClCompile Include="..\..\cblas\zherk.c">
      <Filter>Source Files</Filter>
    </ClCompile>
    <ClCompile Include="..\..\cblas\zhpmv.c">
      <Filter>Source Files</Filter>
    </ClCompile>
    <ClCompile Include="..\..\cblas\zhpr.c">
      <Filter>Source Files</Filter>
    </ClCompile>
    <ClCompile Include="..\..\cblas\zhpr2.c">
      <Filter>Source Files</Filter>
    </ClCompile>
    <ClCompile Include="..\..\cblas\zscal.c">
      <Filter>Source Files</Filter>
    </ClCompile>
    <ClCompile Include="..\..\cblas\zswap.c">
      <Filter>Source Files</Filter>
    </ClCompile>
    <ClCompile Include="..\..\cblas\zsymm.c">
      <Filter>Source Files</Filter>
    </ClCompile>
    <ClCompile Include="..\..\cblas\zsyr2k.c">
      <Filter>Source Files</Filter>
    </ClCompile>
    <ClCompile Include="..\..\cblas\zsyrk.c">
      <Filter>Source Files</Filter>
    </ClCompile>
    <ClCompile Include="..\..\cblas\ztbmv.c">
      <Filter>Source Files</Filter>
    </ClCompile>
    <ClCompile Include="..\..\cblas\ztbsv.c">
      <Filter>Source Files</Filter>
    </ClCompile>
    <ClCompile Include="..\..\cblas\ztpmv.c">
      <Filter>Source Files</Filter>
    </ClCompile>
    <ClCompile Include="..\..\cblas\ztpsv.c">
      <Filter>Source Files</Filter>
    </ClCompile>
    <ClCompile Include="..\..\cblas\ztrmm.c">
      <Filter>Source Files</Filter>
    </ClCompile>
    <ClCompile Include="..\..\cblas\ztrmv.c">
      <Filter>Source Files</Filter>
    </ClCompile>
    <ClCompile Include="..\..\cblas\ztrsm.c">
      <Filter>Source Files</Filter>
    </ClCompile>
    <ClCompile Include="..\..\cblas\ztrsv.c">
      <Filter>Source Files</Filter>
    </ClCompile>
  </ItemGroup>
</Project>