Microsoft Visual Studio Solution File, Format Version 7.00
Project("{FAE04EC0-301F-11D3-BF4B-00C04F79EFBC}") = "ULAI05", "ULAI05.csproj", "{2FB94457-3955-4CA9-AE16-0DD0FA0ACB78}"
EndProject
Global
	GlobalSection(SolutionConfiguration) = preSolution
		ConfigName.0 = Debug
		ConfigName.1 = Release
	EndGlobalSection
	GlobalSection(ProjectDependencies) = postSolution
	EndGlobalSection
	GlobalSection(ProjectConfiguration) = postSolution
		{2FB94457-3955-4CA9-AE16-0DD0FA0ACB78}.Debug.ActiveCfg = Debug|.NET
		{2FB94457-3955-4CA9-AE16-0DD0FA0ACB78}.Debug.Build.0 = Debug|.NET
		{2FB94457-3955-4CA9-AE16-0DD0FA0ACB78}.Release.ActiveCfg = Release|.NET
		{2FB94457-3955-4CA9-AE16-0DD0FA0ACB78}.Release.Build.0 = Release|.NET
	EndGlobalSection
	GlobalSection(ExtensibilityGlobals) = postSolution
	EndGlobalSection
	GlobalSection(ExtensibilityAddIns) = postSolution
	EndGlobalSection
EndGlobal
