Microsoft Visual Studio Solution File, Format Version 7.00
Project("{F184B08F-C81C-45F6-A57F-5ABD9991F28F}") = "ULFL01", "ULFL01.vbproj", "{6C2023D5-6472-4EE3-9325-30DFAD8467F6}"
EndProject
Global
	GlobalSection(SolutionConfiguration) = preSolution
		ConfigName.0 = Debug
		ConfigName.1 = Release
	EndGlobalSection
	GlobalSection(ProjectDependencies) = postSolution
	EndGlobalSection
	GlobalSection(ProjectConfiguration) = postSolution
		{6C2023D5-6472-4EE3-9325-30DFAD8467F6}.Debug.ActiveCfg = Debug|.NET
		{6C2023D5-6472-4EE3-9325-30DFAD8467F6}.Debug.Build.0 = Debug|.NET
		{6C2023D5-6472-4EE3-9325-30DFAD8467F6}.Release.ActiveCfg = Release|.NET
		{6C2023D5-6472-4EE3-9325-30DFAD8467F6}.Release.Build.0 = Release|.NET
	EndGlobalSection
	GlobalSection(ExtensibilityGlobals) = postSolution
	EndGlobalSection
	GlobalSection(ExtensibilityAddIns) = postSolution
	EndGlobalSection
EndGlobal
