Microsoft Visual Studio Solution File, Format Version 7.00
Project("{FAE04EC0-301F-11D3-BF4B-00C04F79EFBC}") = "ULTI02", "ULTI02.csproj", "{91E1C3B6-FB73-436B-BB70-1D80C4F89AA9}"
EndProject
Global
	GlobalSection(SolutionConfiguration) = preSolution
		ConfigName.0 = Debug
		ConfigName.1 = Release
	EndGlobalSection
	GlobalSection(ProjectDependencies) = postSolution
	EndGlobalSection
	GlobalSection(ProjectConfiguration) = postSolution
		{91E1C3B6-FB73-436B-BB70-1D80C4F89AA9}.Debug.ActiveCfg = Debug|.NET
		{91E1C3B6-FB73-436B-BB70-1D80C4F89AA9}.Debug.Build.0 = Debug|.NET
		{91E1C3B6-FB73-436B-BB70-1D80C4F89AA9}.Release.ActiveCfg = Release|.NET
		{91E1C3B6-FB73-436B-BB70-1D80C4F89AA9}.Release.Build.0 = Release|.NET
	EndGlobalSection
	GlobalSection(ExtensibilityGlobals) = postSolution
	EndGlobalSection
	GlobalSection(ExtensibilityAddIns) = postSolution
	EndGlobalSection
EndGlobal
