Microsoft Visual Studio Solution File, Format Version 7.00
Project("{F184B08F-C81C-45F6-A57F-5ABD9991F28F}") = "ULAI03", "ULAI03.vbproj", "{7A117094-43BA-42BB-8F1A-1E0E048D5090}"
EndProject
Global
	GlobalSection(SolutionConfiguration) = preSolution
		ConfigName.0 = Debug
		ConfigName.1 = Release
	EndGlobalSection
	GlobalSection(ProjectDependencies) = postSolution
	EndGlobalSection
	GlobalSection(ProjectConfiguration) = postSolution
		{7A117094-43BA-42BB-8F1A-1E0E048D5090}.Debug.ActiveCfg = Debug|.NET
		{7A117094-43BA-42BB-8F1A-1E0E048D5090}.Debug.Build.0 = Debug|.NET
		{7A117094-43BA-42BB-8F1A-1E0E048D5090}.Release.ActiveCfg = Release|.NET
		{7A117094-43BA-42BB-8F1A-1E0E048D5090}.Release.Build.0 = Release|.NET
	EndGlobalSection
	GlobalSection(ExtensibilityGlobals) = postSolution
	EndGlobalSection
	GlobalSection(ExtensibilityAddIns) = postSolution
	EndGlobalSection
EndGlobal
