Microsoft Visual Studio Solution File, Format Version 7.00
Project("{FAE04EC0-301F-11D3-BF4B-00C04F79EFBC}") = "VIn01", "VIn01.csproj", "{F6FF1021-25FA-448D-A44D-BB5FF5041EA0}"
EndProject
Global
	GlobalSection(SolutionConfiguration) = preSolution
		ConfigName.0 = Debug
		ConfigName.1 = Release
	EndGlobalSection
	GlobalSection(ProjectDependencies) = postSolution
	EndGlobalSection
	GlobalSection(ProjectConfiguration) = postSolution
		{F6FF1021-25FA-448D-A44D-BB5FF5041EA0}.Debug.ActiveCfg = Debug|.NET
		{F6FF1021-25FA-448D-A44D-BB5FF5041EA0}.Debug.Build.0 = Debug|.NET
		{F6FF1021-25FA-448D-A44D-BB5FF5041EA0}.Release.ActiveCfg = Release|.NET
		{F6FF1021-25FA-448D-A44D-BB5FF5041EA0}.Release.Build.0 = Release|.NET
	EndGlobalSection
	GlobalSection(ExtensibilityGlobals) = postSolution
	EndGlobalSection
	GlobalSection(ExtensibilityAddIns) = postSolution
	EndGlobalSection
EndGlobal
