Microsoft Visual Studio Solution File, Format Version 7.00
Project("{FAE04EC0-301F-11D3-BF4B-00C04F79EFBC}") = "ULEV01", "ULEV01.csproj", "{CD11EB36-D666-4A23-B1EF-A6F41560938A}"
EndProject
Global
	GlobalSection(SolutionConfiguration) = preSolution
		ConfigName.0 = Debug
		ConfigName.1 = Release
	EndGlobalSection
	GlobalSection(ProjectDependencies) = postSolution
	EndGlobalSection
	GlobalSection(ProjectConfiguration) = postSolution
		{CD11EB36-D666-4A23-B1EF-A6F41560938A}.Debug.ActiveCfg = Debug|.NET
		{CD11EB36-D666-4A23-B1EF-A6F41560938A}.Debug.Build.0 = Debug|.NET
		{CD11EB36-D666-4A23-B1EF-A6F41560938A}.Release.ActiveCfg = Release|.NET
		{CD11EB36-D666-4A23-B1EF-A6F41560938A}.Release.Build.0 = Release|.NET
	EndGlobalSection
	GlobalSection(ExtensibilityGlobals) = postSolution
	EndGlobalSection
	GlobalSection(ExtensibilityAddIns) = postSolution
	EndGlobalSection
EndGlobal
