Microsoft Visual Studio Solution File, Format Version 7.00
Project("{FAE04EC0-301F-11D3-BF4B-00C04F79EFBC}") = "ULAI09", "ULAI09.csproj", "{063F08B6-9754-4AE6-A799-E58C6D38F233}"
EndProject
Global
	GlobalSection(SolutionConfiguration) = preSolution
		ConfigName.0 = Debug
		ConfigName.1 = Release
	EndGlobalSection
	GlobalSection(ProjectDependencies) = postSolution
	EndGlobalSection
	GlobalSection(ProjectConfiguration) = postSolution
		{063F08B6-9754-4AE6-A799-E58C6D38F233}.Debug.ActiveCfg = Debug|.NET
		{063F08B6-9754-4AE6-A799-E58C6D38F233}.Debug.Build.0 = Debug|.NET
		{063F08B6-9754-4AE6-A799-E58C6D38F233}.Release.ActiveCfg = Release|.NET
		{063F08B6-9754-4AE6-A799-E58C6D38F233}.Release.Build.0 = Release|.NET
	EndGlobalSection
	GlobalSection(ExtensibilityGlobals) = postSolution
	EndGlobalSection
	GlobalSection(ExtensibilityAddIns) = postSolution
	EndGlobalSection
EndGlobal
