Microsoft Visual Studio Solution File, Format Version 7.00
Project("{F184B08F-C81C-45F6-A57F-5ABD9991F28F}") = "ULLOG02", "ULLOG02.vbproj", "{D98E68BF-20A0-4EEE-A25D-90FFF3169054}"
EndProject
Global
	GlobalSection(SolutionConfiguration) = preSolution
		ConfigName.0 = Debug
		ConfigName.1 = Release
	EndGlobalSection
	GlobalSection(ProjectDependencies) = postSolution
	EndGlobalSection
	GlobalSection(ProjectConfiguration) = postSolution
		{D98E68BF-20A0-4EEE-A25D-90FFF3169054}.Debug.ActiveCfg = Debug|.NET
		{D98E68BF-20A0-4EEE-A25D-90FFF3169054}.Debug.Build.0 = Debug|.NET
		{D98E68BF-20A0-4EEE-A25D-90FFF3169054}.Release.ActiveCfg = Release|.NET
		{D98E68BF-20A0-4EEE-A25D-90FFF3169054}.Release.Build.0 = Release|.NET
	EndGlobalSection
	GlobalSection(ExtensibilityGlobals) = postSolution
	EndGlobalSection
	GlobalSection(ExtensibilityAddIns) = postSolution
	EndGlobalSection
EndGlobal
