Microsoft Visual Studio Solution File, Format Version 7.00
Project("{FAE04EC0-301F-11D3-BF4B-00C04F79EFBC}") = "ULFI02", "ULFI02.csproj", "{B6FFA060-E765-42D4-B2EF-0FADC6451E32}"
EndProject
Global
	GlobalSection(SolutionConfiguration) = preSolution
		ConfigName.0 = Debug
		ConfigName.1 = Release
	EndGlobalSection
	GlobalSection(ProjectDependencies) = postSolution
	EndGlobalSection
	GlobalSection(ProjectConfiguration) = postSolution
		{B6FFA060-E765-42D4-B2EF-0FADC6451E32}.Debug.ActiveCfg = Debug|.NET
		{B6FFA060-E765-42D4-B2EF-0FADC6451E32}.Debug.Build.0 = Debug|.NET
		{B6FFA060-E765-42D4-B2EF-0FADC6451E32}.Release.ActiveCfg = Release|.NET
		{B6FFA060-E765-42D4-B2EF-0FADC6451E32}.Release.Build.0 = Release|.NET
	EndGlobalSection
	GlobalSection(ExtensibilityGlobals) = postSolution
	EndGlobalSection
	GlobalSection(ExtensibilityAddIns) = postSolution
	EndGlobalSection
EndGlobal
