Microsoft Visual Studio Solution File, Format Version 7.00
Project("{F184B08F-C81C-45F6-A57F-5ABD9991F28F}") = "Ulaio01", "Ulaio01.vbproj", "{9B480C74-1939-44A6-A795-F4262F176FFC}"
EndProject
Global
	GlobalSection(SolutionConfiguration) = preSolution
		ConfigName.0 = Debug
		ConfigName.1 = Release
	EndGlobalSection
	GlobalSection(ProjectDependencies) = postSolution
	EndGlobalSection
	GlobalSection(ProjectConfiguration) = postSolution
		{9B480C74-1939-44A6-A795-F4262F176FFC}.Debug.ActiveCfg = Debug|.NET
		{9B480C74-1939-44A6-A795-F4262F176FFC}.Debug.Build.0 = Debug|.NET
		{9B480C74-1939-44A6-A795-F4262F176FFC}.Release.ActiveCfg = Release|.NET
		{9B480C74-1939-44A6-A795-F4262F176FFC}.Release.Build.0 = Release|.NET
	EndGlobalSection
	GlobalSection(ExtensibilityGlobals) = postSolution
	EndGlobalSection
	GlobalSection(ExtensibilityAddIns) = postSolution
	EndGlobalSection
EndGlobal
