Microsoft Visual Studio Solution File, Format Version 7.00
Project("{F184B08F-C81C-45F6-A57F-5ABD9991F28F}") = "ULMM01", "ULMM01.vbproj", "{999FF4B8-10E8-4FB9-BB46-14722348BB80}"
EndProject
Global
	GlobalSection(SolutionConfiguration) = preSolution
		ConfigName.0 = Debug
		ConfigName.1 = Release
	EndGlobalSection
	GlobalSection(ProjectDependencies) = postSolution
	EndGlobalSection
	GlobalSection(ProjectConfiguration) = postSolution
		{999FF4B8-10E8-4FB9-BB46-14722348BB80}.Debug.ActiveCfg = Debug|.NET
		{999FF4B8-10E8-4FB9-BB46-14722348BB80}.Debug.Build.0 = Debug|.NET
		{999FF4B8-10E8-4FB9-BB46-14722348BB80}.Release.ActiveCfg = Release|.NET
		{999FF4B8-10E8-4FB9-BB46-14722348BB80}.Release.Build.0 = Release|.NET
	EndGlobalSection
	GlobalSection(ExtensibilityGlobals) = postSolution
	EndGlobalSection
	GlobalSection(ExtensibilityAddIns) = postSolution
	EndGlobalSection
EndGlobal
