Microsoft Visual Studio Solution File, Format Version 7.00
Project("{F184B08F-C81C-45F6-A57F-5ABD9991F28F}") = "ULDO01", "ULDO01.vbproj", "{DB42106C-B5C9-4FEB-91B1-E16D2EAB03F5}"
EndProject
Global
	GlobalSection(SolutionConfiguration) = preSolution
		ConfigName.0 = Debug
		ConfigName.1 = Release
	EndGlobalSection
	GlobalSection(ProjectDependencies) = postSolution
	EndGlobalSection
	GlobalSection(ProjectConfiguration) = postSolution
		{DB42106C-B5C9-4FEB-91B1-E16D2EAB03F5}.Debug.ActiveCfg = Debug|.NET
		{DB42106C-B5C9-4FEB-91B1-E16D2EAB03F5}.Debug.Build.0 = Debug|.NET
		{DB42106C-B5C9-4FEB-91B1-E16D2EAB03F5}.Release.ActiveCfg = Release|.NET
		{DB42106C-B5C9-4FEB-91B1-E16D2EAB03F5}.Release.Build.0 = Release|.NET
	EndGlobalSection
	GlobalSection(ExtensibilityGlobals) = postSolution
	EndGlobalSection
	GlobalSection(ExtensibilityAddIns) = postSolution
	EndGlobalSection
EndGlobal
