Microsoft Visual Studio Solution File, Format Version 7.00
Project("{F184B08F-C81C-45F6-A57F-5ABD9991F28F}") = "ULAI07", "ULAI07.vbproj", "{6F0388BA-0ADA-4E13-8551-9126F4BD311F}"
EndProject
Global
	GlobalSection(SolutionConfiguration) = preSolution
		ConfigName.0 = Debug
		ConfigName.1 = Release
	EndGlobalSection
	GlobalSection(ProjectDependencies) = postSolution
	EndGlobalSection
	GlobalSection(ProjectConfiguration) = postSolution
		{6F0388BA-0ADA-4E13-8551-9126F4BD311F}.Debug.ActiveCfg = Debug|.NET
		{6F0388BA-0ADA-4E13-8551-9126F4BD311F}.Debug.Build.0 = Debug|.NET
		{6F0388BA-0ADA-4E13-8551-9126F4BD311F}.Release.ActiveCfg = Release|.NET
		{6F0388BA-0ADA-4E13-8551-9126F4BD311F}.Release.Build.0 = Release|.NET
	EndGlobalSection
	GlobalSection(ExtensibilityGlobals) = postSolution
	EndGlobalSection
	GlobalSection(ExtensibilityAddIns) = postSolution
	EndGlobalSection
EndGlobal
