Microsoft Visual Studio Solution File, Format Version 7.00
Project("{FAE04EC0-301F-11D3-BF4B-00C04F79EFBC}") = "ULAI03", "ULAI03.csproj", "{7A117094-43BA-42BB-8F1A-1E0E048D5090}"
EndProject
Global
	GlobalSection(SolutionConfiguration) = preSolution
		ConfigName.0 = Debug
		ConfigName.1 = Release
	EndGlobalSection
	GlobalSection(ProjectDependencies) = postSolution
	EndGlobalSection
	GlobalSection(ProjectConfiguration) = postSolution
		{7A117094-43BA-42BB-8F1A-1E0E048D5090}.Debug.ActiveCfg = Debug|.NET
		{7A117094-43BA-42BB-8F1A-1E0E048D5090}.Debug.Build.0 = Debug|.NET
		{7A117094-43BA-42BB-8F1A-1E0E048D5090}.Release.ActiveCfg = Release|.NET
		{7A117094-43BA-42BB-8F1A-1E0E048D5090}.Release.Build.0 = Release|.NET
	EndGlobalSection
	GlobalSection(ExtensibilityGlobals) = postSolution
	EndGlobalSection
	GlobalSection(ExtensibilityAddIns) = postSolution
	EndGlobalSection
EndGlobal
